{
    "type": "window",
    "reference": {
        "name": "items",
        "type": "array"
    },
    "codeClass": null,
    "userConfig": {
        "designer|userClassName": "logs.Filters",
        "height": 250,
        "id": "logs_filter",
        "width": 400,
        "title": "Filter"
    },
    "id": "ExtBox1-ext-gen68361",
    "designerId": "876f51c2-7fdc-4269-b3d1-2b23121ccb03"
}